
Microsoft Visual Studio Solution File, Format Version 12.00
# Visual Studio Version 17
VisualStudioVersion = 17.6.33513.286
MinimumVisualStudioVersion = 10.0.40219.1
Project("{FAE04EC0-301F-11D3-BF4B-00C04F79EFBC}") = "ParsethingCore", "ParsethingCore\ParsethingCore.csproj", "{F5095456-1D8C-48E5-8585-17CDF161F702}"
EndProject
Project("{FAE04EC0-301F-11D3-BF4B-00C04F79EFBC}") = "ParsingLibrary", "ParsingLibrary\ParsingLibrary.csproj", "{1C3992BC-E7C1-4137-B58F-43C0BD6EC533}"
EndProject
Project("{FAE04EC0-301F-11D3-BF4B-00C04F79EFBC}") = "DatabaseLibrary", "DatabaseLibrary\DatabaseLibrary.csproj", "{A94F5D4F-E464-4D6E-913F-090B55C8F711}"
EndProject
Global
	GlobalSection(SolutionConfigurationPlatforms) = preSolution
		Debug|Any CPU = Debug|Any CPU
		Release|Any CPU = Release|Any CPU
	EndGlobalSection
	GlobalSection(ProjectConfigurationPlatforms) = postSolution
		{F5095456-1D8C-48E5-8585-17CDF161F702}.Debug|Any CPU.ActiveCfg = Debug|Any CPU
		{F5095456-1D8C-48E5-8585-17CDF161F702}.Debug|Any CPU.Build.0 = Debug|Any CPU
		{F5095456-1D8C-48E5-8585-17CDF161F702}.Release|Any CPU.ActiveCfg = Release|Any CPU
		{F5095456-1D8C-48E5-8585-17CDF161F702}.Release|Any CPU.Build.0 = Release|Any CPU
		{1C3992BC-E7C1-4137-B58F-43C0BD6EC533}.Debug|Any CPU.ActiveCfg = Debug|Any CPU
		{1C3992BC-E7C1-4137-B58F-43C0BD6EC533}.Debug|Any CPU.Build.0 = Debug|Any CPU
		{1C3992BC-E7C1-4137-B58F-43C0BD6EC533}.Release|Any CPU.ActiveCfg = Release|Any CPU
		{1C3992BC-E7C1-4137-B58F-43C0BD6EC533}.Release|Any CPU.Build.0 = Release|Any CPU
		{A94F5D4F-E464-4D6E-913F-090B55C8F711}.Debug|Any CPU.ActiveCfg = Debug|Any CPU
		{A94F5D4F-E464-4D6E-913F-090B55C8F711}.Debug|Any CPU.Build.0 = Debug|Any CPU
		{A94F5D4F-E464-4D6E-913F-090B55C8F711}.Release|Any CPU.ActiveCfg = Release|Any CPU
		{A94F5D4F-E464-4D6E-913F-090B55C8F711}.Release|Any CPU.Build.0 = Release|Any CPU
	EndGlobalSection
	GlobalSection(SolutionProperties) = preSolution
		HideSolutionNode = FALSE
	EndGlobalSection
	GlobalSection(ExtensibilityGlobals) = postSolution
		SolutionGuid = {A4EFC467-658E-45AD-94F8-1C8EB8765395}
	EndGlobalSection
EndGlobal
